// !$*UTF8*$!
{
	archiveVersion = 1;
	classes = {
	};
	objectVersion = 56;
	objects = {

/* Begin PBXBuildFile section */
		6424B43D2994DE1E00B87ADC /* ShimmerEffectSwiftUIApp.swift in Sources */ = {isa = PBXBuildFile; fileRef = 6424B43C2994DE1E00B87ADC /* ShimmerEffectSwiftUIApp.swift */; };
		6424B43F2994DE1E00B87ADC /* ContentView.swift in Sources */ = {isa = PBXBuildFile; fileRef = 6424B43E2994DE1E00B87ADC /* ContentView.swift */; };
		6424B4412994DE2000B87ADC /* Assets.xcassets in Resources */ = {isa = PBXBuildFile; fileRef = 6424B4402994DE2000B87ADC /* Assets.xcassets */; };
		6424B4442994DE2000B87ADC /* Preview Assets.xcassets in Resources */ = {isa = PBXBuildFile; fileRef = 6424B4432994DE2000B87ADC /* Preview Assets.xcassets */; };
		6424B44B2994DE5800B87ADC /* UserRow.swift in Sources */ = {isa = PBXBuildFile; fileRef = 6424B44A2994DE5800B87ADC /* UserRow.swift */; };
		6424B44D2994E03E00B87ADC /* Shimmering.swift in Sources */ = {isa = PBXBuildFile; fileRef = 6424B44C2994E03E00B87ADC /* Shimmering.swift */; };
		6424B44F2994E05E00B87ADC /* RedactedShimmer.swift in Sources */ = {isa = PBXBuildFile; fileRef = 6424B44E2994E05E00B87ADC /* RedactedShimmer.swift */; };
		6424B4532994E10A00B87ADC /* User.swift in Sources */ = {isa = PBXBuildFile; fileRef = 6424B4522994E10A00B87ADC /* User.swift */; };
/* End PBXBuildFile section */

/* Begin PBXFileReference section */
		6424B4392994DE1E00B87ADC /* ShimmerEffectSwiftUI.app */ = {isa = PBXFileReference; explicitFileType = wrapper.application; includeInIndex = 0; path = ShimmerEffectSwiftUI.app; sourceTree = BUILT_PRODUCTS_DIR; };
		6424B43C2994DE1E00B87ADC /* ShimmerEffectSwiftUIApp.swift */ = {isa = PBXFileReference; lastKnownFileType = sourcecode.swift; path = ShimmerEffectSwiftUIApp.swift; sourceTree = "<group>"; };
		6424B43E2994DE1E00B87ADC /* ContentView.swift */ = {isa = PBXFileReference; lastKnownFileType = sourcecode.swift; path = ContentView.swift; sourceTree = "<group>"; };
		6424B4402994DE2000B87ADC /* Assets.xcassets */ = {isa = PBXFileReference; lastKnownFileType = folder.assetcatalog; path = Assets.xcassets; sourceTree = "<group>"; };
		6424B4432994DE2000B87ADC /* Preview Assets.xcassets */ = {isa = PBXFileReference; lastKnownFileType = folder.assetcatalog; path = "Preview Assets.xcassets"; sourceTree = "<group>"; };
		6424B44A2994DE5800B87ADC /* UserRow.swift */ = {isa = PBXFileReference; lastKnownFileType = sourcecode.swift; path = UserRow.swift; sourceTree = "<group>"; };
		6424B44C2994E03E00B87ADC /* Shimmering.swift */ = {isa = PBXFileReference; lastKnownFileType = sourcecode.swift; path = Shimmering.swift; sourceTree = "<group>"; };
		6424B44E2994E05E00B87ADC /* RedactedShimmer.swift */ = {isa = PBXFileReference; lastKnownFileType = sourcecode.swift; path = RedactedShimmer.swift; sourceTree = "<group>"; };
		6424B4522994E10A00B87ADC /* User.swift */ = {isa = PBXFileReference; lastKnownFileType = sourcecode.swift; path = User.swift; sourceTree = "<group>"; };
/* End PBXFileReference section */

/* Begin PBXFrameworksBuildPhase section */
		6424B4362994DE1E00B87ADC /* Frameworks */ = {
			isa = PBXFrameworksBuildPhase;
			buildActionMask = 2147483647;
			files = (
			);
			runOnlyForDeploymentPostprocessing = 0;
		};
/* End PBXFrameworksBuildPhase section */

/* Begin PBXGroup section */
		6424B4302994DE1E00B87ADC = {
			isa = PBXGroup;
			children = (
				6424B43B2994DE1E00B87ADC /* ShimmerEffectSwiftUI */,
				6424B43A2994DE1E00B87ADC /* Products */,
			);
			sourceTree = "<group>";
		};
		6424B43A2994DE1E00B87ADC /* Products */ = {
			isa = PBXGroup;
			children = (
				6424B4392994DE1E00B87ADC /* ShimmerEffectSwiftUI.app */,
			);
			name = Products;
			sourceTree = "<group>";
		};
		6424B43B2994DE1E00B87ADC /* ShimmerEffectSwiftUI */ = {
			isa = PBXGroup;
			children = (
				6424B4512994E0F300B87ADC /* model */,
				6424B4502994E0E800B87ADC /* utils */,
				6424B43C2994DE1E00B87ADC /* ShimmerEffectSwiftUIApp.swift */,
				6424B44A2994DE5800B87ADC /* UserRow.swift */,
				6424B43E2994DE1E00B87ADC /* ContentView.swift */,
				6424B4402994DE2000B87ADC /* Assets.xcassets */,
				6424B4422994DE2000B87ADC /* Preview Content */,
			);
			path = ShimmerEffectSwiftUI;
			sourceTree = "<group>";
		};
		6424B4422994DE2000B87ADC /* Preview Content */ = {
			isa = PBXGroup;
			children = (
				6424B4432994DE2000B87ADC /* Preview Assets.xcassets */,
			);
			path = "Preview Content";
			sourceTree = "<group>";
		};
		6424B4502994E0E800B87ADC /* utils */ = {
			isa = PBXGroup;
			children = (
				6424B44C2994E03E00B87ADC /* Shimmering.swift */,
				6424B44E2994E05E00B87ADC /* RedactedShimmer.swift */,
			);
			path = utils;
			sourceTree = "<group>";
		};
		6424B4512994E0F300B87ADC /* model */ = {
			isa = PBXGroup;
			children = (
				6424B4522994E10A00B87ADC /* User.swift */,
			);
			path = model;
			sourceTree = "<group>";
		};
/* End PBXGroup section */

/* Begin PBXNativeTarget section */
		6424B4382994DE1E00B87ADC /* ShimmerEffectSwiftUI */ = {
			isa = PBXNativeTarget;
			buildConfigurationList = 6424B4472994DE2000B87ADC /* Build configuration list for PBXNativeTarget "ShimmerEffectSwiftUI" */;
			buildPhases = (
				6424B4352994DE1E00B87ADC /* Sources */,
				6424B4362994DE1E00B87ADC /* Frameworks */,
				6424B4372994DE1E00B87ADC /* Resources */,
			);
			buildRules = (
			);
			dependencies = (
			);
			name = ShimmerEffectSwiftUI;
			productName = ShimmerEffectSwiftUI;
			productReference = 6424B4392994DE1E00B87ADC /* ShimmerEffectSwiftUI.app */;
			productType = "com.apple.product-type.application";
		};
/* End PBXNativeTarget section */

/* Begin PBXProject section */
		6424B4312994DE1E00B87ADC /* Project object */ = {
			isa = PBXProject;
			attributes = {
				BuildIndependentTargetsInParallel = 1;
				LastSwiftUpdateCheck = 1420;
				LastUpgradeCheck = 1420;
				TargetAttributes = {
					6424B4382994DE1E00B87ADC = {
						CreatedOnToolsVersion = 14.2;
					};
				};
			};
			buildConfigurationList = 6424B4342994DE1E00B87ADC /* Build configuration list for PBXProject "ShimmerEffectSwiftUI" */;
			compatibilityVersion = "Xcode 14.0";
			developmentRegion = en;
			hasScannedForEncodings = 0;
			knownRegions = (
				en,
				Base,
			);
			mainGroup = 6424B4302994DE1E00B87ADC;
			productRefGroup = 6424B43A2994DE1E00B87ADC /* Products */;
			projectDirPath = "";
			projectRoot = "";
			targets = (
				6424B4382994DE1E00B87ADC /* ShimmerEffectSwiftUI */,
			);
		};
/* End PBXProject section */

/* Begin PBXResourcesBuildPhase section */
		6424B4372994DE1E00B87ADC /* Resources */ = {
			isa = PBXResourcesBuildPhase;
			buildActionMask = 2147483647;
			files = (
				6424B4442994DE2000B87ADC /* Preview Assets.xcassets in Resources */,
				6424B4412994DE2000B87ADC /* Assets.xcassets in Resources */,
			);
			runOnlyForDeploymentPostprocessing = 0;
		};
/* End PBXResourcesBuildPhase section */

/* Begin PBXSourcesBuildPhase section */
		6424B4352994DE1E00B87ADC /* Sources */ = {
			isa = PBXSourcesBuildPhase;
			buildActionMask = 2147483647;
			files = (
				6424B44B2994DE5800B87ADC /* UserRow.swift in Sources */,
				6424B43F2994DE1E00B87ADC /* ContentView.swift in Sources */,
				6424B4532994E10A00B87ADC /* User.swift in Sources */,
				6424B44D2994E03E00B87ADC /* Shimmering.swift in Sources */,
				6424B43D2994DE1E00B87ADC /* ShimmerEffectSwiftUIApp.swift in Sources */,
				6424B44F2994E05E00B87ADC /* RedactedShimmer.swift in Sources */,
			);
			runOnlyForDeploymentPostprocessing = 0;
		};
/* End PBXSourcesBuildPhase section */

/* Begin XCBuildConfiguration section */
		6424B4452994DE2000B87ADC /* Debug */ = {
			isa = XCBuildConfiguration;
			buildSettings = {
				ALWAYS_SEARCH_USER_PATHS = NO;
				CLANG_ANALYZER_NONNULL = YES;
				CLANG_ANALYZER_NUMBER_OBJECT_CONVERSION = YES_AGGRESSIVE;
				CLANG_CXX_LANGUAGE_STANDARD = "gnu++20";
				CLANG_ENABLE_MODULES = YES;
				CLANG_ENABLE_OBJC_ARC = YES;
				CLANG_ENABLE_OBJC_WEAK = YES;
				CLANG_WARN_BLOCK_CAPTURE_AUTORELEASING = YES;
				CLANG_WARN_BOOL_CONVERSION = YES;
				CLANG_WARN_COMMA = YES;
				CLANG_WARN_CONSTANT_CONVERSION = YES;
				CLANG_WARN_DEPRECATED_OBJC_IMPLEMENTATIONS = YES;
				CLANG_WARN_DIRECT_OBJC_ISA_USAGE = YES_ERROR;
				CLANG_WARN_DOCUMENTATION_COMMENTS = YES;
				CLANG_WARN_EMPTY_BODY = YES;
				CLANG_WARN_ENUM_CONVERSION = YES;
				CLANG_WARN_INFINITE_RECURSION = YES;
				CLANG_WARN_INT_CONVERSION = YES;
				CLANG_WARN_NON_LITERAL_NULL_CONVERSION = YES;
				CLANG_WARN_OBJC_IMPLICIT_RETAIN_SELF = YES;
				CLANG_WARN_OBJC_LITERAL_CONVERSION = YES;
				CLANG_WARN_OBJC_ROOT_CLASS = YES_ERROR;
				CLANG_WARN_QUOTED_INCLUDE_IN_FRAMEWORK_HEADER = YES;
				CLANG_WARN_RANGE_LOOP_ANALYSIS = YES;
				CLANG_WARN_STRICT_PROTOTYPES = YES;
				CLANG_WARN_SUSPICIOUS_MOVE = YES;
				CLANG_WARN_UNGUARDED_AVAILABILITY = YES_AGGRESSIVE;
				CLANG_WARN_UNREACHABLE_CODE = YES;
				CLANG_WARN__DUPLICATE_METHOD_MATCH = YES;
				COPY_PHASE_STRIP = NO;
				DEBUG_INFORMATION_FORMAT = dwarf;
				ENABLE_STRICT_OBJC_MSGSEND = YES;
				ENABLE_TESTABILITY = YES;
				GCC_C_LANGUAGE_STANDARD = gnu11;
				GCC_DYNAMIC_NO_PIC = NO;
				GCC_NO_COMMON_BLOCKS = YES;
				GCC_OPTIMIZATION_LEVEL = 0;
				GCC_PREPROCESSOR_DEFINITIONS = (
					"DEBUG=1",
					"$(inherited)",
				);
				GCC_WARN_64_TO_32_BIT_CONVERSION = YES;
				GCC_WARN_ABOUT_RETURN_TYPE = YES_ERROR;
				GCC_WARN_UNDECLARED_SELECTOR = YES;
				GCC_WARN_UNINITIALIZED_AUTOS = YES_AGGRESSIVE;
				GCC_WARN_UNUSED_FUNCTION = YES;
				GCC_WARN_UNUSED_VARIABLE = YES;
				IPHONEOS_DEPLOYMENT_TARGET = 16.2;
				MTL_ENABLE_DEBUG_INFO = INCLUDE_SOURCE;
				MTL_FAST_MATH = YES;
				ONLY_ACTIVE_ARCH = YES;
				SDKROOT = iphoneos;
				SWIFT_ACTIVE_COMPILATION_CONDITIONS = DEBUG;
				SWIFT_OPTIMIZATION_LEVEL = "-Onone";
			};
			name = Debug;
		};
		6424B4462994DE2000B87ADC /* Release */ = {
			isa = XCBuildConfiguration;
			buildSettings = {
				ALWAYS_SEARCH_USER_PATHS = NO;
				CLANG_ANALYZER_NONNULL = YES;
				CLANG_ANALYZER_NUMBER_OBJECT_CONVERSION = YES_AGGRESSIVE;
				CLANG_CXX_LANGUAGE_STANDARD = "gnu++20";
				CLANG_ENABLE_MODULES = YES;
				CLANG_ENABLE_OBJC_ARC = YES;
				CLANG_ENABLE_OBJC_WEAK = YES;
				CLANG_WARN_BLOCK_CAPTURE_AUTORELEASING = YES;
				CLANG_WARN_BOOL_CONVERSION = YES;
				CLANG_WARN_COMMA = YES;
				CLANG_WARN_CONSTANT_CONVERSION = YES;
				CLANG_WARN_DEPRECATED_OBJC_IMPLEMENTATIONS = YES;
				CLANG_WARN_DIRECT_OBJC_ISA_USAGE = YES_ERROR;
				CLANG_WARN_DOCUMENTATION_COMMENTS = YES;
				CLANG_WARN_EMPTY_BODY = YES;
				CLANG_WARN_ENUM_CONVERSION = YES;
				CLANG_WARN_INFINITE_RECURSION = YES;
				CLANG_WARN_INT_CONVERSION = YES;
				CLANG_WARN_NON_LITERAL_NULL_CONVERSION = YES;
				CLANG_WARN_OBJC_IMPLICIT_RETAIN_SELF = YES;
				CLANG_WARN_OBJC_LITERAL_CONVERSION = YES;
				CLANG_WARN_OBJC_ROOT_CLASS = YES_ERROR;
				CLANG_WARN_QUOTED_INCLUDE_IN_FRAMEWORK_HEADER = YES;
				CLANG_WARN_RANGE_LOOP_ANALYSIS = YES;
				CLANG_WARN_STRICT_PROTOTYPES = YES;
				CLANG_WARN_SUSPICIOUS_MOVE = YES;
				CLANG_WARN_UNGUARDED_AVAILABILITY = YES_AGGRESSIVE;
				CLANG_WARN_UNREACHABLE_CODE = YES;
				CLANG_WARN__DUPLICATE_METHOD_MATCH = YES;
				COPY_PHASE_STRIP = NO;
				DEBUG_INFORMATION_FORMAT = "dwarf-with-dsym";
				ENABLE_NS_ASSERTIONS = NO;
				ENABLE_STRICT_OBJC_MSGSEND = YES;
				GCC_C_LANGUAGE_STANDARD = gnu11;
				GCC_NO_COMMON_BLOCKS = YES;
				GCC_WARN_64_TO_32_BIT_CONVERSION = YES;
				GCC_WARN_ABOUT_RETURN_TYPE = YES_ERROR;
				GCC_WARN_UNDECLARED_SELECTOR = YES;
				GCC_WARN_UNINITIALIZED_AUTOS = YES_AGGRESSIVE;
				GCC_WARN_UNUSED_FUNCTION = YES;
				GCC_WARN_UNUSED_VARIABLE = YES;
				IPHONEOS_DEPLOYMENT_TARGET = 16.2;
				MTL_ENABLE_DEBUG_INFO = NO;
				MTL_FAST_MATH = YES;
				SDKROOT = iphoneos;
				SWIFT_COMPILATION_MODE = wholemodule;
				SWIFT_OPTIMIZATION_LEVEL = "-O";
				VALIDATE_PRODUCT = YES;
			};
			name = Release;
		};
		6424B4482994DE2000B87ADC /* Debug */ = {
			isa = XCBuildConfiguration;
			buildSettings = {
				ASSETCATALOG_COMPILER_APPICON_NAME = AppIcon;
				ASSETCATALOG_COMPILER_GLOBAL_ACCENT_COLOR_NAME = AccentColor;
				CODE_SIGN_STYLE = Automatic;
				CURRENT_PROJECT_VERSION = 1;
				DEVELOPMENT_ASSET_PATHS = "\"ShimmerEffectSwiftUI/Preview Content\"";
				DEVELOPMENT_TEAM = 2XUFV8QBCV;
				ENABLE_PREVIEWS = YES;
				GENERATE_INFOPLIST_FILE = YES;
				INFOPLIST_KEY_UIApplicationSceneManifest_Generation = YES;
				INFOPLIST_KEY_UIApplicationSupportsIndirectInputEvents = YES;
				INFOPLIST_KEY_UILaunchScreen_Generation = YES;
				INFOPLIST_KEY_UISupportedInterfaceOrientations_iPad = "UIInterfaceOrientationPortrait UIInterfaceOrientationPortraitUpsideDown UIInterfaceOrientationLandscapeLeft UIInterfaceOrientationLandscapeRight";
				INFOPLIST_KEY_UISupportedInterfaceOrientations_iPhone = "UIInterfaceOrientationPortrait UIInterfaceOrientationLandscapeLeft UIInterfaceOrientationLandscapeRight";
				LD_RUNPATH_SEARCH_PATHS = (
					"$(inherited)",
					"@executable_path/Frameworks",
				);
				MARKETING_VERSION = 1.0;
				PRODUCT_BUNDLE_IDENTIFIER = manuelduarte077.ShimmerEffectSwiftUI;
				PRODUCT_NAME = "$(TARGET_NAME)";
				SWIFT_EMIT_LOC_STRINGS = YES;
				SWIFT_VERSION = 5.0;
				TARGETED_DEVICE_FAMILY = "1,2";
			};
			name = Debug;
		};
		6424B4492994DE2000B87ADC /* Release */ = {
			isa = XCBuildConfiguration;
			buildSettings = {
				ASSETCATALOG_COMPILER_APPICON_NAME = AppIcon;
				ASSETCATALOG_COMPILER_GLOBAL_ACCENT_COLOR_NAME = AccentColor;
				CODE_SIGN_STYLE = Automatic;
				CURRENT_PROJECT_VERSION = 1;
				DEVELOPMENT_ASSET_PATHS = "\"ShimmerEffectSwiftUI/Preview Content\"";
				DEVELOPMENT_TEAM = 2XUFV8QBCV;
				ENABLE_PREVIEWS = YES;
				GENERATE_INFOPLIST_FILE = YES;
				INFOPLIST_KEY_UIApplicationSceneManifest_Generation = YES;
				INFOPLIST_KEY_UIApplicationSupportsIndirectInputEvents = YES;
				INFOPLIST_KEY_UILaunchScreen_Generation = YES;
				INFOPLIST_KEY_UISupportedInterfaceOrientations_iPad = "UIInterfaceOrientationPortrait UIInterfaceOrientationPortraitUpsideDown UIInterfaceOrientationLandscapeLeft UIInterfaceOrientationLandscapeRight";
				INFOPLIST_KEY_UISupportedInterfaceOrientations_iPhone = "UIInterfaceOrientationPortrait UIInterfaceOrientationLandscapeLeft UIInterfaceOrientationLandscapeRight";
				LD_RUNPATH_SEARCH_PATHS = (
					"$(inherited)",
					"@executable_path/Frameworks",
				);
				MARKETING_VERSION = 1.0;
				PRODUCT_BUNDLE_IDENTIFIER = manuelduarte077.ShimmerEffectSwiftUI;
				PRODUCT_NAME = "$(TARGET_NAME)";
				SWIFT_EMIT_LOC_STRINGS = YES;
				SWIFT_VERSION = 5.0;
				TARGETED_DEVICE_FAMILY = "1,2";
			};
			name = Release;
		};
/* End XCBuildConfiguration section */

/* Begin XCConfigurationList section */
		6424B4342994DE1E00B87ADC /* Build configuration list for PBXProject "ShimmerEffectSwiftUI" */ = {
			isa = XCConfigurationList;
			buildConfigurations = (
				6424B4452994DE2000B87ADC /* Debug */,
				6424B4462994DE2000B87ADC /* Release */,
			);
			defaultConfigurationIsVisible = 0;
			defaultConfigurationName = Release;
		};
		6424B4472994DE2000B87ADC /* Build configuration list for PBXNativeTarget "ShimmerEffectSwiftUI" */ = {
			isa = XCConfigurationList;
			buildConfigurations = (
				6424B4482994DE2000B87ADC /* Debug */,
				6424B4492994DE2000B87ADC /* Release */,
			);
			defaultConfigurationIsVisible = 0;
			defaultConfigurationName = Release;
		};
/* End XCConfigurationList section */
	};
	rootObject = 6424B4312994DE1E00B87ADC /* Project object */;
}
